
Microsoft Visual Studio Solution File, Format Version 12.00
# Visual Studio Version 16
VisualStudioVersion = 16.0.29215.179
MinimumVisualStudioVersion = 10.0.40219.1
Project("{9A19103F-16F7-4668-BE54-9A1E7A4F7556}") = "ConsoleApp3", "ConsoleApp3\ConsoleApp3.csproj", "{5086CEB6-895D-4F78-BB0C-D66A2C9C4D77}"
EndProject
Global
	GlobalSection(SolutionConfigurationPlatforms) = preSolution
		Debug|Any CPU = Debug|Any CPU
		Release|Any CPU = Release|Any CPU
		test|Any CPU = test|Any CPU
	EndGlobalSection
	GlobalSection(ProjectConfigurationPlatforms) = postSolution
		{5086CEB6-895D-4F78-BB0C-D66A2C9C4D77}.Debug|Any CPU.ActiveCfg = Debug|Any CPU
		{5086CEB6-895D-4F78-BB0C-D66A2C9C4D77}.Debug|Any CPU.Build.0 = Debug|Any CPU
		{5086CEB6-895D-4F78-BB0C-D66A2C9C4D77}.Release|Any CPU.ActiveCfg = Release|Any CPU
		{5086CEB6-895D-4F78-BB0C-D66A2C9C4D77}.Release|Any CPU.Build.0 = Release|Any CPU
		{5086CEB6-895D-4F78-BB0C-D66A2C9C4D77}.test|Any CPU.ActiveCfg = Debug|Any CPU
		{5086CEB6-895D-4F78-BB0C-D66A2C9C4D77}.test|Any CPU.Build.0 = Debug|Any CPU
	EndGlobalSection
	GlobalSection(SolutionProperties) = preSolution
		HideSolutionNode = FALSE
	EndGlobalSection
	GlobalSection(ExtensibilityGlobals) = postSolution
		SolutionGuid = {7AF3975B-6BEA-4BF1-81DE-F7A9E6132A27}
	EndGlobalSection
EndGlobal
